# This file is automatically @generated by Cargo.
# It is not intended for manual editing.
version = 4

[[package]]
name = "deep-diff-forge-cli"
version = "0.1.0"
dependencies = [
 "deep-diff-forge-core",
 "deep-diff-forge-patch",
 "deep-diff-forge-projection",
]

[[package]]
name = "deep-diff-forge-core"
version = "0.1.0"

[[package]]
name = "deep-diff-forge-patch"
version = "0.1.0"
dependencies = [
 "deep-diff-forge-core",
]

[[package]]
name = "deep-diff-forge-projection"
version = "0.1.0"
dependencies = [
 "deep-diff-forge-core",
 "deep-diff-forge-patch",
]
